
Microsoft Visual Studio Solution File, Format Version 12.00
Project("{FAE04EC0-301F-11D3-BF4B-00C04F79EFBC}") = "MyLib", "MyLib\MyLib.csproj", "{ED33B4E3-3F7A-40DB-8D40-41C392FF0E84}"
EndProject
Global
	GlobalSection(SolutionConfigurationPlatforms) = preSolution
		Debug|Any CPU = Debug|Any CPU
		Release|Any CPU = Release|Any CPU
	EndGlobalSection
	GlobalSection(ProjectConfigurationPlatforms) = postSolution
		{ED33B4E3-3F7A-40DB-8D40-41C392FF0E84}.Debug|Any CPU.ActiveCfg = Debug|Any CPU
		{ED33B4E3-3F7A-40DB-8D40-41C392FF0E84}.Debug|Any CPU.Build.0 = Debug|Any CPU
		{ED33B4E3-3F7A-40DB-8D40-41C392FF0E84}.Release|Any CPU.ActiveCfg = Release|Any CPU
		{ED33B4E3-3F7A-40DB-8D40-41C392FF0E84}.Release|Any CPU.Build.0 = Release|Any CPU
	EndGlobalSection
EndGlobal
